// !$*UTF8*$!
{
	archiveVersion = 1;
	classes = {
	};
	objectVersion = 56;
	objects = {

/* Begin PBXBuildFile section */
		74A4FF3E29213B2600031475 /* Configurator.swift in Sources */ = {isa = PBXBuildFile; fileRef = 74A4FF3D29213B2600031475 /* Configurator.swift */; };
		74A4FF4029213F2700031475 /* NetworkService.swift in Sources */ = {isa = PBXBuildFile; fileRef = 74A4FF3F29213F2700031475 /* NetworkService.swift */; };
		74F696ED291543B1007C9934 /* Service_LocatorApp.swift in Sources */ = {isa = PBXBuildFile; fileRef = 74F696EC291543B1007C9934 /* Service_LocatorApp.swift */; };
		74F696F1291543B2007C9934 /* Assets.xcassets in Resources */ = {isa = PBXBuildFile; fileRef = 74F696F0291543B2007C9934 /* Assets.xcassets */; };
		74F696F4291543B2007C9934 /* Preview Assets.xcassets in Resources */ = {isa = PBXBuildFile; fileRef = 74F696F3291543B2007C9934 /* Preview Assets.xcassets */; };
		74F6970129157C4D007C9934 /* MainViewModel.swift in Sources */ = {isa = PBXBuildFile; fileRef = 74F6970029157C4D007C9934 /* MainViewModel.swift */; };
		74F6970329157C5C007C9934 /* MainView.swift in Sources */ = {isa = PBXBuildFile; fileRef = 74F6970229157C5C007C9934 /* MainView.swift */; };
		74F6970829157D44007C9934 /* SampleRowView.swift in Sources */ = {isa = PBXBuildFile; fileRef = 74F6970729157D44007C9934 /* SampleRowView.swift */; };
		74F6970D29157FCA007C9934 /* ListView.swift in Sources */ = {isa = PBXBuildFile; fileRef = 74F6970C29157FCA007C9934 /* ListView.swift */; };
		74F6970F29157FD6007C9934 /* ListViewModel.swift in Sources */ = {isa = PBXBuildFile; fileRef = 74F6970E29157FD6007C9934 /* ListViewModel.swift */; };
		74F697112915829A007C9934 /* Injected.swift in Sources */ = {isa = PBXBuildFile; fileRef = 74F697102915829A007C9934 /* Injected.swift */; };
		74F697152915861F007C9934 /* ServiceLocator.swift in Sources */ = {isa = PBXBuildFile; fileRef = 74F697142915861F007C9934 /* ServiceLocator.swift */; };
		FC41021C2923C33800EE2A3A /* Realm in Frameworks */ = {isa = PBXBuildFile; productRef = FC41021B2923C33800EE2A3A /* Realm */; };
		FC41021E2923C33800EE2A3A /* RealmSwift in Frameworks */ = {isa = PBXBuildFile; productRef = FC41021D2923C33800EE2A3A /* RealmSwift */; };
		FC4102212923C51B00EE2A3A /* CatFactReamModel.swift in Sources */ = {isa = PBXBuildFile; fileRef = FC4102202923C51B00EE2A3A /* CatFactReamModel.swift */; };
		FC4102232923C6A300EE2A3A /* RealmModelManager.swift in Sources */ = {isa = PBXBuildFile; fileRef = FC4102222923C6A300EE2A3A /* RealmModelManager.swift */; };
		FCDD13822923748D00A99272 /* SampleRowViewModel.swift in Sources */ = {isa = PBXBuildFile; fileRef = FCDD13812923748D00A99272 /* SampleRowViewModel.swift */; };
		FCDD13852923754900A99272 /* ListRowItem.swift in Sources */ = {isa = PBXBuildFile; fileRef = FCDD13842923754900A99272 /* ListRowItem.swift */; };
		FCDD138A292380E200A99272 /* SettingsView.swift in Sources */ = {isa = PBXBuildFile; fileRef = FCDD1389292380E200A99272 /* SettingsView.swift */; };
		FCDD138C292380F500A99272 /* SettingsViewModel.swift in Sources */ = {isa = PBXBuildFile; fileRef = FCDD138B292380F500A99272 /* SettingsViewModel.swift */; };
		FCDD1390292389B900A99272 /* View+Extension.swift in Sources */ = {isa = PBXBuildFile; fileRef = FCDD138F292389B900A99272 /* View+Extension.swift */; };
		FCDD13932923921E00A99272 /* UserSettingsService.swift in Sources */ = {isa = PBXBuildFile; fileRef = FCDD13922923921E00A99272 /* UserSettingsService.swift */; };
/* End PBXBuildFile section */

/* Begin PBXFileReference section */
		74A4FF3D29213B2600031475 /* Configurator.swift */ = {isa = PBXFileReference; lastKnownFileType = sourcecode.swift; path = Configurator.swift; sourceTree = "<group>"; };
		74A4FF3F29213F2700031475 /* NetworkService.swift */ = {isa = PBXFileReference; lastKnownFileType = sourcecode.swift; path = NetworkService.swift; sourceTree = "<group>"; };
		74F696E9291543B1007C9934 /* Service Locator.app */ = {isa = PBXFileReference; explicitFileType = wrapper.application; includeInIndex = 0; path = "Service Locator.app"; sourceTree = BUILT_PRODUCTS_DIR; };
		74F696EC291543B1007C9934 /* Service_LocatorApp.swift */ = {isa = PBXFileReference; lastKnownFileType = sourcecode.swift; path = Service_LocatorApp.swift; sourceTree = "<group>"; };
		74F696F0291543B2007C9934 /* Assets.xcassets */ = {isa = PBXFileReference; lastKnownFileType = folder.assetcatalog; path = Assets.xcassets; sourceTree = "<group>"; };
		74F696F3291543B2007C9934 /* Preview Assets.xcassets */ = {isa = PBXFileReference; lastKnownFileType = folder.assetcatalog; path = "Preview Assets.xcassets"; sourceTree = "<group>"; };
		74F6970029157C4D007C9934 /* MainViewModel.swift */ = {isa = PBXFileReference; lastKnownFileType = sourcecode.swift; path = MainViewModel.swift; sourceTree = "<group>"; };
		74F6970229157C5C007C9934 /* MainView.swift */ = {isa = PBXFileReference; lastKnownFileType = sourcecode.swift; path = MainView.swift; sourceTree = "<group>"; };
		74F6970729157D44007C9934 /* SampleRowView.swift */ = {isa = PBXFileReference; lastKnownFileType = sourcecode.swift; path = SampleRowView.swift; sourceTree = "<group>"; };
		74F6970C29157FCA007C9934 /* ListView.swift */ = {isa = PBXFileReference; lastKnownFileType = sourcecode.swift; path = ListView.swift; sourceTree = "<group>"; };
		74F6970E29157FD6007C9934 /* ListViewModel.swift */ = {isa = PBXFileReference; lastKnownFileType = sourcecode.swift; path = ListViewModel.swift; sourceTree = "<group>"; };
		74F697102915829A007C9934 /* Injected.swift */ = {isa = PBXFileReference; lastKnownFileType = sourcecode.swift; path = Injected.swift; sourceTree = "<group>"; };
		74F697142915861F007C9934 /* ServiceLocator.swift */ = {isa = PBXFileReference; lastKnownFileType = sourcecode.swift; path = ServiceLocator.swift; sourceTree = "<group>"; };
		FC4102202923C51B00EE2A3A /* CatFactReamModel.swift */ = {isa = PBXFileReference; lastKnownFileType = sourcecode.swift; path = CatFactReamModel.swift; sourceTree = "<group>"; };
		FC4102222923C6A300EE2A3A /* RealmModelManager.swift */ = {isa = PBXFileReference; lastKnownFileType = sourcecode.swift; path = RealmModelManager.swift; sourceTree = "<group>"; };
		FCDD13812923748D00A99272 /* SampleRowViewModel.swift */ = {isa = PBXFileReference; lastKnownFileType = sourcecode.swift; path = SampleRowViewModel.swift; sourceTree = "<group>"; };
		FCDD13842923754900A99272 /* ListRowItem.swift */ = {isa = PBXFileReference; lastKnownFileType = sourcecode.swift; path = ListRowItem.swift; sourceTree = "<group>"; };
		FCDD1389292380E200A99272 /* SettingsView.swift */ = {isa = PBXFileReference; lastKnownFileType = sourcecode.swift; path = SettingsView.swift; sourceTree = "<group>"; };
		FCDD138B292380F500A99272 /* SettingsViewModel.swift */ = {isa = PBXFileReference; lastKnownFileType = sourcecode.swift; path = SettingsViewModel.swift; sourceTree = "<group>"; };
		FCDD138F292389B900A99272 /* View+Extension.swift */ = {isa = PBXFileReference; lastKnownFileType = sourcecode.swift; path = "View+Extension.swift"; sourceTree = "<group>"; };
		FCDD13922923921E00A99272 /* UserSettingsService.swift */ = {isa = PBXFileReference; lastKnownFileType = sourcecode.swift; path = UserSettingsService.swift; sourceTree = "<group>"; };
/* End PBXFileReference section */

/* Begin PBXFrameworksBuildPhase section */
		74F696E6291543B1007C9934 /* Frameworks */ = {
			isa = PBXFrameworksBuildPhase;
			buildActionMask = 2147483647;
			files = (
				FC41021E2923C33800EE2A3A /* RealmSwift in Frameworks */,
				FC41021C2923C33800EE2A3A /* Realm in Frameworks */,
			);
			runOnlyForDeploymentPostprocessing = 0;
		};
/* End PBXFrameworksBuildPhase section */

/* Begin PBXGroup section */
		742915AD2922D6E300FD4E05 /* Application */ = {
			isa = PBXGroup;
			children = (
				FC41021F2923C4C600EE2A3A /* Realm */,
				FCDD138E2923899600A99272 /* Extensions */,
				742915AE2922D6FE00FD4E05 /* Services */,
			);
			path = Application;
			sourceTree = "<group>";
		};
		742915AE2922D6FE00FD4E05 /* Services */ = {
			isa = PBXGroup;
			children = (
				FCDD1391292391BC00A99272 /* UserSettings */,
				742915AF2922D70700FD4E05 /* Network */,
			);
			path = Services;
			sourceTree = "<group>";
		};
		742915AF2922D70700FD4E05 /* Network */ = {
			isa = PBXGroup;
			children = (
				74A4FF3F29213F2700031475 /* NetworkService.swift */,
			);
			path = Network;
			sourceTree = "<group>";
		};
		742915B22922D7AB00FD4E05 /* Configuration */ = {
			isa = PBXGroup;
			children = (
				74F697142915861F007C9934 /* ServiceLocator.swift */,
				74A4FF3D29213B2600031475 /* Configurator.swift */,
				74F697102915829A007C9934 /* Injected.swift */,
			);
			path = Configuration;
			sourceTree = "<group>";
		};
		74F696E0291543B1007C9934 = {
			isa = PBXGroup;
			children = (
				74F696EB291543B1007C9934 /* Service Locator */,
				74F696EA291543B1007C9934 /* Products */,
			);
			sourceTree = "<group>";
		};
		74F696EA291543B1007C9934 /* Products */ = {
			isa = PBXGroup;
			children = (
				74F696E9291543B1007C9934 /* Service Locator.app */,
			);
			name = Products;
			sourceTree = "<group>";
		};
		74F696EB291543B1007C9934 /* Service Locator */ = {
			isa = PBXGroup;
			children = (
				742915AD2922D6E300FD4E05 /* Application */,
				742915B22922D7AB00FD4E05 /* Configuration */,
				74F696FC29157BC9007C9934 /* MVVM */,
				74F696EC291543B1007C9934 /* Service_LocatorApp.swift */,
				74F696F0291543B2007C9934 /* Assets.xcassets */,
				74F696F2291543B2007C9934 /* Preview Content */,
			);
			path = "Service Locator";
			sourceTree = "<group>";
		};
		74F696F2291543B2007C9934 /* Preview Content */ = {
			isa = PBXGroup;
			children = (
				74F696F3291543B2007C9934 /* Preview Assets.xcassets */,
			);
			path = "Preview Content";
			sourceTree = "<group>";
		};
		74F696FC29157BC9007C9934 /* MVVM */ = {
			isa = PBXGroup;
			children = (
				74F696FD29157BD5007C9934 /* Main */,
				74F6970929157FA2007C9934 /* List */,
				FCDD1386292380C000A99272 /* Settings */,
			);
			path = MVVM;
			sourceTree = "<group>";
		};
		74F696FD29157BD5007C9934 /* Main */ = {
			isa = PBXGroup;
			children = (
				74F696FF29157BE9007C9934 /* ViewModel */,
				74F696FE29157BE1007C9934 /* View */,
			);
			path = Main;
			sourceTree = "<group>";
		};
		74F696FE29157BE1007C9934 /* View */ = {
			isa = PBXGroup;
			children = (
				74F6970229157C5C007C9934 /* MainView.swift */,
			);
			path = View;
			sourceTree = "<group>";
		};
		74F696FF29157BE9007C9934 /* ViewModel */ = {
			isa = PBXGroup;
			children = (
				74F6970029157C4D007C9934 /* MainViewModel.swift */,
			);
			path = ViewModel;
			sourceTree = "<group>";
		};
		74F6970429157C6E007C9934 /* Row */ = {
			isa = PBXGroup;
			children = (
				FCDD13832923753E00A99272 /* Model */,
				FCDD13802923745A00A99272 /* ViewModel */,
				FCDD137F2923745600A99272 /* View */,
			);
			path = Row;
			sourceTree = "<group>";
		};
		74F6970929157FA2007C9934 /* List */ = {
			isa = PBXGroup;
			children = (
				74F6970B29157FBA007C9934 /* ViewModel */,
				74F6970A29157FB2007C9934 /* View */,
				74F6970429157C6E007C9934 /* Row */,
			);
			path = List;
			sourceTree = "<group>";
		};
		74F6970A29157FB2007C9934 /* View */ = {
			isa = PBXGroup;
			children = (
				74F6970C29157FCA007C9934 /* ListView.swift */,
			);
			path = View;
			sourceTree = "<group>";
		};
		74F6970B29157FBA007C9934 /* ViewModel */ = {
			isa = PBXGroup;
			children = (
				74F6970E29157FD6007C9934 /* ListViewModel.swift */,
			);
			path = ViewModel;
			sourceTree = "<group>";
		};
		FC41021F2923C4C600EE2A3A /* Realm */ = {
			isa = PBXGroup;
			children = (
				FC4102222923C6A300EE2A3A /* RealmModelManager.swift */,
				FC4102202923C51B00EE2A3A /* CatFactReamModel.swift */,
			);
			path = Realm;
			sourceTree = "<group>";
		};
		FCDD137F2923745600A99272 /* View */ = {
			isa = PBXGroup;
			children = (
				74F6970729157D44007C9934 /* SampleRowView.swift */,
			);
			path = View;
			sourceTree = "<group>";
		};
		FCDD13802923745A00A99272 /* ViewModel */ = {
			isa = PBXGroup;
			children = (
				FCDD13812923748D00A99272 /* SampleRowViewModel.swift */,
			);
			path = ViewModel;
			sourceTree = "<group>";
		};
		FCDD13832923753E00A99272 /* Model */ = {
			isa = PBXGroup;
			children = (
				FCDD13842923754900A99272 /* ListRowItem.swift */,
			);
			path = Model;
			sourceTree = "<group>";
		};
		FCDD1386292380C000A99272 /* Settings */ = {
			isa = PBXGroup;
			children = (
				FCDD1388292380D100A99272 /* ViewModel */,
				FCDD1387292380CA00A99272 /* View */,
			);
			path = Settings;
			sourceTree = "<group>";
		};
		FCDD1387292380CA00A99272 /* View */ = {
			isa = PBXGroup;
			children = (
				FCDD1389292380E200A99272 /* SettingsView.swift */,
			);
			path = View;
			sourceTree = "<group>";
		};
		FCDD1388292380D100A99272 /* ViewModel */ = {
			isa = PBXGroup;
			children = (
				FCDD138B292380F500A99272 /* SettingsViewModel.swift */,
			);
			path = ViewModel;
			sourceTree = "<group>";
		};
		FCDD138E2923899600A99272 /* Extensions */ = {
			isa = PBXGroup;
			children = (
				FCDD138F292389B900A99272 /* View+Extension.swift */,
			);
			path = Extensions;
			sourceTree = "<group>";
		};
		FCDD1391292391BC00A99272 /* UserSettings */ = {
			isa = PBXGroup;
			children = (
				FCDD13922923921E00A99272 /* UserSettingsService.swift */,
			);
			path = UserSettings;
			sourceTree = "<group>";
		};
/* End PBXGroup section */

/* Begin PBXNativeTarget section */
		74F696E8291543B1007C9934 /* Service Locator */ = {
			isa = PBXNativeTarget;
			buildConfigurationList = 74F696F7291543B2007C9934 /* Build configuration list for PBXNativeTarget "Service Locator" */;
			buildPhases = (
				74F696E5291543B1007C9934 /* Sources */,
				74F696E6291543B1007C9934 /* Frameworks */,
				74F696E7291543B1007C9934 /* Resources */,
			);
			buildRules = (
			);
			dependencies = (
			);
			name = "Service Locator";
			packageProductDependencies = (
				FC41021B2923C33800EE2A3A /* Realm */,
				FC41021D2923C33800EE2A3A /* RealmSwift */,
			);
			productName = "Service Locator";
			productReference = 74F696E9291543B1007C9934 /* Service Locator.app */;
			productType = "com.apple.product-type.application";
		};
/* End PBXNativeTarget section */

/* Begin PBXProject section */
		74F696E1291543B1007C9934 /* Project object */ = {
			isa = PBXProject;
			attributes = {
				BuildIndependentTargetsInParallel = 1;
				LastSwiftUpdateCheck = 1410;
				LastUpgradeCheck = 1410;
				TargetAttributes = {
					74F696E8291543B1007C9934 = {
						CreatedOnToolsVersion = 14.1;
					};
				};
			};
			buildConfigurationList = 74F696E4291543B1007C9934 /* Build configuration list for PBXProject "Service Locator" */;
			compatibilityVersion = "Xcode 14.0";
			developmentRegion = en;
			hasScannedForEncodings = 0;
			knownRegions = (
				en,
				Base,
			);
			mainGroup = 74F696E0291543B1007C9934;
			packageReferences = (
				FC41021A2923C33800EE2A3A /* XCRemoteSwiftPackageReference "realm-swift" */,
			);
			productRefGroup = 74F696EA291543B1007C9934 /* Products */;
			projectDirPath = "";
			projectRoot = "";
			targets = (
				74F696E8291543B1007C9934 /* Service Locator */,
			);
		};
/* End PBXProject section */

/* Begin PBXResourcesBuildPhase section */
		74F696E7291543B1007C9934 /* Resources */ = {
			isa = PBXResourcesBuildPhase;
			buildActionMask = 2147483647;
			files = (
				74F696F4291543B2007C9934 /* Preview Assets.xcassets in Resources */,
				74F696F1291543B2007C9934 /* Assets.xcassets in Resources */,
			);
			runOnlyForDeploymentPostprocessing = 0;
		};
/* End PBXResourcesBuildPhase section */

/* Begin PBXSourcesBuildPhase section */
		74F696E5291543B1007C9934 /* Sources */ = {
			isa = PBXSourcesBuildPhase;
			buildActionMask = 2147483647;
			files = (
				74A4FF4029213F2700031475 /* NetworkService.swift in Sources */,
				74F697152915861F007C9934 /* ServiceLocator.swift in Sources */,
				FCDD13822923748D00A99272 /* SampleRowViewModel.swift in Sources */,
				FC4102212923C51B00EE2A3A /* CatFactReamModel.swift in Sources */,
				74A4FF3E29213B2600031475 /* Configurator.swift in Sources */,
				FC4102232923C6A300EE2A3A /* RealmModelManager.swift in Sources */,
				74F6970329157C5C007C9934 /* MainView.swift in Sources */,
				FCDD13932923921E00A99272 /* UserSettingsService.swift in Sources */,
				74F6970F29157FD6007C9934 /* ListViewModel.swift in Sources */,
				FCDD13852923754900A99272 /* ListRowItem.swift in Sources */,
				FCDD1390292389B900A99272 /* View+Extension.swift in Sources */,
				74F697112915829A007C9934 /* Injected.swift in Sources */,
				74F6970D29157FCA007C9934 /* ListView.swift in Sources */,
				74F6970829157D44007C9934 /* SampleRowView.swift in Sources */,
				74F696ED291543B1007C9934 /* Service_LocatorApp.swift in Sources */,
				74F6970129157C4D007C9934 /* MainViewModel.swift in Sources */,
				FCDD138A292380E200A99272 /* SettingsView.swift in Sources */,
				FCDD138C292380F500A99272 /* SettingsViewModel.swift in Sources */,
			);
			runOnlyForDeploymentPostprocessing = 0;
		};
/* End PBXSourcesBuildPhase section */

/* Begin XCBuildConfiguration section */
		74F696F5291543B2007C9934 /* Debug */ = {
			isa = XCBuildConfiguration;
			buildSettings = {
				ALWAYS_SEARCH_USER_PATHS = NO;
				CLANG_ANALYZER_NONNULL = YES;
				CLANG_ANALYZER_NUMBER_OBJECT_CONVERSION = YES_AGGRESSIVE;
				CLANG_CXX_LANGUAGE_STANDARD = "gnu++20";
				CLANG_ENABLE_MODULES = YES;
				CLANG_ENABLE_OBJC_ARC = YES;
				CLANG_ENABLE_OBJC_WEAK = YES;
				CLANG_WARN_BLOCK_CAPTURE_AUTORELEASING = YES;
				CLANG_WARN_BOOL_CONVERSION = YES;
				CLANG_WARN_COMMA = YES;
				CLANG_WARN_CONSTANT_CONVERSION = YES;
				CLANG_WARN_DEPRECATED_OBJC_IMPLEMENTATIONS = YES;
				CLANG_WARN_DIRECT_OBJC_ISA_USAGE = YES_ERROR;
				CLANG_WARN_DOCUMENTATION_COMMENTS = YES;
				CLANG_WARN_EMPTY_BODY = YES;
				CLANG_WARN_ENUM_CONVERSION = YES;
				CLANG_WARN_INFINITE_RECURSION = YES;
				CLANG_WARN_INT_CONVERSION = YES;
				CLANG_WARN_NON_LITERAL_NULL_CONVERSION = YES;
				CLANG_WARN_OBJC_IMPLICIT_RETAIN_SELF = YES;
				CLANG_WARN_OBJC_LITERAL_CONVERSION = YES;
				CLANG_WARN_OBJC_ROOT_CLASS = YES_ERROR;
				CLANG_WARN_QUOTED_INCLUDE_IN_FRAMEWORK_HEADER = YES;
				CLANG_WARN_RANGE_LOOP_ANALYSIS = YES;
				CLANG_WARN_STRICT_PROTOTYPES = YES;
				CLANG_WARN_SUSPICIOUS_MOVE = YES;
				CLANG_WARN_UNGUARDED_AVAILABILITY = YES_AGGRESSIVE;
				CLANG_WARN_UNREACHABLE_CODE = YES;
				CLANG_WARN__DUPLICATE_METHOD_MATCH = YES;
				COPY_PHASE_STRIP = NO;
				DEBUG_INFORMATION_FORMAT = dwarf;
				ENABLE_STRICT_OBJC_MSGSEND = YES;
				ENABLE_TESTABILITY = YES;
				GCC_C_LANGUAGE_STANDARD = gnu11;
				GCC_DYNAMIC_NO_PIC = NO;
				GCC_NO_COMMON_BLOCKS = YES;
				GCC_OPTIMIZATION_LEVEL = 0;
				GCC_PREPROCESSOR_DEFINITIONS = (
					"DEBUG=1",
					"$(inherited)",
				);
				GCC_WARN_64_TO_32_BIT_CONVERSION = YES;
				GCC_WARN_ABOUT_RETURN_TYPE = YES_ERROR;
				GCC_WARN_UNDECLARED_SELECTOR = YES;
				GCC_WARN_UNINITIALIZED_AUTOS = YES_AGGRESSIVE;
				GCC_WARN_UNUSED_FUNCTION = YES;
				GCC_WARN_UNUSED_VARIABLE = YES;
				IPHONEOS_DEPLOYMENT_TARGET = 16.1;
				MTL_ENABLE_DEBUG_INFO = INCLUDE_SOURCE;
				MTL_FAST_MATH = YES;
				ONLY_ACTIVE_ARCH = YES;
				SDKROOT = iphoneos;
				SWIFT_ACTIVE_COMPILATION_CONDITIONS = DEBUG;
				SWIFT_OPTIMIZATION_LEVEL = "-Onone";
			};
			name = Debug;
		};
		74F696F6291543B2007C9934 /* Release */ = {
			isa = XCBuildConfiguration;
			buildSettings = {
				ALWAYS_SEARCH_USER_PATHS = NO;
				CLANG_ANALYZER_NONNULL = YES;
				CLANG_ANALYZER_NUMBER_OBJECT_CONVERSION = YES_AGGRESSIVE;
				CLANG_CXX_LANGUAGE_STANDARD = "gnu++20";
				CLANG_ENABLE_MODULES = YES;
				CLANG_ENABLE_OBJC_ARC = YES;
				CLANG_ENABLE_OBJC_WEAK = YES;
				CLANG_WARN_BLOCK_CAPTURE_AUTORELEASING = YES;
				CLANG_WARN_BOOL_CONVERSION = YES;
				CLANG_WARN_COMMA = YES;
				CLANG_WARN_CONSTANT_CONVERSION = YES;
				CLANG_WARN_DEPRECATED_OBJC_IMPLEMENTATIONS = YES;
				CLANG_WARN_DIRECT_OBJC_ISA_USAGE = YES_ERROR;
				CLANG_WARN_DOCUMENTATION_COMMENTS = YES;
				CLANG_WARN_EMPTY_BODY = YES;
				CLANG_WARN_ENUM_CONVERSION = YES;
				CLANG_WARN_INFINITE_RECURSION = YES;
				CLANG_WARN_INT_CONVERSION = YES;
				CLANG_WARN_NON_LITERAL_NULL_CONVERSION = YES;
				CLANG_WARN_OBJC_IMPLICIT_RETAIN_SELF = YES;
				CLANG_WARN_OBJC_LITERAL_CONVERSION = YES;
				CLANG_WARN_OBJC_ROOT_CLASS = YES_ERROR;
				CLANG_WARN_QUOTED_INCLUDE_IN_FRAMEWORK_HEADER = YES;
				CLANG_WARN_RANGE_LOOP_ANALYSIS = YES;
				CLANG_WARN_STRICT_PROTOTYPES = YES;
				CLANG_WARN_SUSPICIOUS_MOVE = YES;
				CLANG_WARN_UNGUARDED_AVAILABILITY = YES_AGGRESSIVE;
				CLANG_WARN_UNREACHABLE_CODE = YES;
				CLANG_WARN__DUPLICATE_METHOD_MATCH = YES;
				COPY_PHASE_STRIP = NO;
				DEBUG_INFORMATION_FORMAT = "dwarf-with-dsym";
				ENABLE_NS_ASSERTIONS = NO;
				ENABLE_STRICT_OBJC_MSGSEND = YES;
				GCC_C_LANGUAGE_STANDARD = gnu11;
				GCC_NO_COMMON_BLOCKS = YES;
				GCC_WARN_64_TO_32_BIT_CONVERSION = YES;
				GCC_WARN_ABOUT_RETURN_TYPE = YES_ERROR;
				GCC_WARN_UNDECLARED_SELECTOR = YES;
				GCC_WARN_UNINITIALIZED_AUTOS = YES_AGGRESSIVE;
				GCC_WARN_UNUSED_FUNCTION = YES;
				GCC_WARN_UNUSED_VARIABLE = YES;
				IPHONEOS_DEPLOYMENT_TARGET = 16.1;
				MTL_ENABLE_DEBUG_INFO = NO;
				MTL_FAST_MATH = YES;
				SDKROOT = iphoneos;
				SWIFT_COMPILATION_MODE = wholemodule;
				SWIFT_OPTIMIZATION_LEVEL = "-O";
				VALIDATE_PRODUCT = YES;
			};
			name = Release;
		};
		74F696F8291543B2007C9934 /* Debug */ = {
			isa = XCBuildConfiguration;
			buildSettings = {
				ASSETCATALOG_COMPILER_APPICON_NAME = AppIcon;
				ASSETCATALOG_COMPILER_GLOBAL_ACCENT_COLOR_NAME = AccentColor;
				CODE_SIGN_STYLE = Automatic;
				CURRENT_PROJECT_VERSION = 1;
				DEVELOPMENT_ASSET_PATHS = "\"Service Locator/Preview Content\"";
				DEVELOPMENT_TEAM = 7SDDGHR698;
				ENABLE_PREVIEWS = YES;
				GENERATE_INFOPLIST_FILE = YES;
				INFOPLIST_KEY_UIApplicationSceneManifest_Generation = YES;
				INFOPLIST_KEY_UIApplicationSupportsIndirectInputEvents = YES;
				INFOPLIST_KEY_UILaunchScreen_Generation = YES;
				INFOPLIST_KEY_UISupportedInterfaceOrientations = UIInterfaceOrientationPortrait;
				INFOPLIST_KEY_UISupportedInterfaceOrientations_iPad = "UIInterfaceOrientationLandscapeLeft UIInterfaceOrientationLandscapeRight UIInterfaceOrientationPortrait UIInterfaceOrientationPortraitUpsideDown";
				IPHONEOS_DEPLOYMENT_TARGET = 15.0;
				LD_RUNPATH_SEARCH_PATHS = (
					"$(inherited)",
					"@executable_path/Frameworks",
				);
				MARKETING_VERSION = 1.0;
				PRODUCT_BUNDLE_IDENTIFIER = "com.evc.hw.Service-Locator";
				PRODUCT_NAME = "$(TARGET_NAME)";
				SUPPORTED_PLATFORMS = "iphoneos iphonesimulator";
				SUPPORTS_MACCATALYST = NO;
				SUPPORTS_MAC_DESIGNED_FOR_IPHONE_IPAD = NO;
				SWIFT_EMIT_LOC_STRINGS = YES;
				SWIFT_VERSION = 5.0;
				TARGETED_DEVICE_FAMILY = 1;
			};
			name = Debug;
		};
		74F696F9291543B2007C9934 /* Release */ = {
			isa = XCBuildConfiguration;
			buildSettings = {
				ASSETCATALOG_COMPILER_APPICON_NAME = AppIcon;
				ASSETCATALOG_COMPILER_GLOBAL_ACCENT_COLOR_NAME = AccentColor;
				CODE_SIGN_STYLE = Automatic;
				CURRENT_PROJECT_VERSION = 1;
				DEVELOPMENT_ASSET_PATHS = "\"Service Locator/Preview Content\"";
				DEVELOPMENT_TEAM = 7SDDGHR698;
				ENABLE_PREVIEWS = YES;
				GENERATE_INFOPLIST_FILE = YES;
				INFOPLIST_KEY_UIApplicationSceneManifest_Generation = YES;
				INFOPLIST_KEY_UIApplicationSupportsIndirectInputEvents = YES;
				INFOPLIST_KEY_UILaunchScreen_Generation = YES;
				INFOPLIST_KEY_UISupportedInterfaceOrientations = UIInterfaceOrientationPortrait;
				INFOPLIST_KEY_UISupportedInterfaceOrientations_iPad = "UIInterfaceOrientationLandscapeLeft UIInterfaceOrientationLandscapeRight UIInterfaceOrientationPortrait UIInterfaceOrientationPortraitUpsideDown";
				IPHONEOS_DEPLOYMENT_TARGET = 15.0;
				LD_RUNPATH_SEARCH_PATHS = (
					"$(inherited)",
					"@executable_path/Frameworks",
				);
				MARKETING_VERSION = 1.0;
				PRODUCT_BUNDLE_IDENTIFIER = "com.evc.hw.Service-Locator";
				PRODUCT_NAME = "$(TARGET_NAME)";
				SUPPORTED_PLATFORMS = "iphoneos iphonesimulator";
				SUPPORTS_MACCATALYST = NO;
				SUPPORTS_MAC_DESIGNED_FOR_IPHONE_IPAD = NO;
				SWIFT_EMIT_LOC_STRINGS = YES;
				SWIFT_VERSION = 5.0;
				TARGETED_DEVICE_FAMILY = 1;
			};
			name = Release;
		};
/* End XCBuildConfiguration section */

/* Begin XCConfigurationList section */
		74F696E4291543B1007C9934 /* Build configuration list for PBXProject "Service Locator" */ = {
			isa = XCConfigurationList;
			buildConfigurations = (
				74F696F5291543B2007C9934 /* Debug */,
				74F696F6291543B2007C9934 /* Release */,
			);
			defaultConfigurationIsVisible = 0;
			defaultConfigurationName = Release;
		};
		74F696F7291543B2007C9934 /* Build configuration list for PBXNativeTarget "Service Locator" */ = {
			isa = XCConfigurationList;
			buildConfigurations = (
				74F696F8291543B2007C9934 /* Debug */,
				74F696F9291543B2007C9934 /* Release */,
			);
			defaultConfigurationIsVisible = 0;
			defaultConfigurationName = Release;
		};
/* End XCConfigurationList section */

/* Begin XCRemoteSwiftPackageReference section */
		FC41021A2923C33800EE2A3A /* XCRemoteSwiftPackageReference "realm-swift" */ = {
			isa = XCRemoteSwiftPackageReference;
			repositoryURL = "https://github.com/realm/realm-swift";
			requirement = {
				kind = exactVersion;
				version = 10.32.3;
			};
		};
/* End XCRemoteSwiftPackageReference section */

/* Begin XCSwiftPackageProductDependency section */
		FC41021B2923C33800EE2A3A /* Realm */ = {
			isa = XCSwiftPackageProductDependency;
			package = FC41021A2923C33800EE2A3A /* XCRemoteSwiftPackageReference "realm-swift" */;
			productName = Realm;
		};
		FC41021D2923C33800EE2A3A /* RealmSwift */ = {
			isa = XCSwiftPackageProductDependency;
			package = FC41021A2923C33800EE2A3A /* XCRemoteSwiftPackageReference "realm-swift" */;
			productName = RealmSwift;
		};
/* End XCSwiftPackageProductDependency section */
	};
	rootObject = 74F696E1291543B1007C9934 /* Project object */;
}
